{
  "name": "@asutov/nagan-types",
  "version": "1.0.8",
  "lockfileVersion": 1,
  "requires": true,
  "dependencies": {
    "@types/geojson": {
      "version": "7946.0.7",
      "resolved": "https://registry.npmjs.org/@types/geojson/-/geojson-7946.0.7.tgz",
      "integrity": "sha512-wE2v81i4C4Ol09RtsWFAqg3BUitWbHSpSlIo+bNdsCJijO9sjme+zm+73ZMCa/qMC8UEERxzGbvmr1cffo2SiQ=="
    },
    "@types/leaflet": {
      "version": "1.4.4",
      "resolved": "https://registry.npmjs.org/@types/leaflet/-/leaflet-1.4.4.tgz",
      "integrity": "sha512-CROxHvsRDFyR1OQKZv/WJsCVFv8Wj6wFF/FOI/yiGwX7GMivyvF8Ks5AT3/JYk269pGiE43wP9JOgcr7EK2eUw==",
      "requires": {
        "@types/geojson": "*"
      }
    },
    "serializr": {
      "version": "1.5.1"
    },
    "typescript": {
      "version": "3.4.5"
    }
  }
}
