# THIS IS AN AUTOGENERATED FILE. DO NOT EDIT THIS FILE DIRECTLY.
# yarn lockfile v1


serializr@^1.5.1:
  version "1.5.1"
  resolved "https://registry.yarnpkg.com/serializr/-/serializr-1.5.1.tgz#8967c8af868f05d8ba6a651a9866c8797533e49b"
  integrity sha512-ygrOOOB+eaYYiFCLSS1kzu2KtmhP1ZzLFsv+GPWIdhtuDMBTN3H0ldnswPLqIExrEyQWQhiExFlC9Gu8pCT9Uw==

typescript@^3.4.5:
  version "3.4.5"
  resolved "https://registry.yarnpkg.com/typescript/-/typescript-3.4.5.tgz#2d2618d10bb566572b8d7aad5180d84257d70a99"
  integrity sha512-YycBxUb49UUhdNMU5aJ7z5Ej2XGmaIBL0x34vZ82fn3hGvD+bgrMrVDpatgz2f7YxUMJxMkbWxJZeAvDxVe7Vw==
